Microsoft Visual Studio Solution File, Format Version 12.00
# Visual Studio Version 17
VisualStudioVersion = 17. 0.31903.59
MinimumVisualStudioVersion = 10.0.40219.1
Project("{9A19103F-16F7-4668-BE54-9A1E7A4F7556}") = "EnterpriseStore.Web", "EnterpriseStore.Web.csproj", "{2A122833-0ADE-4587-BD08-47495C172C83}"
EndProject
Global
	GlobalSection(SolutionConfigurationPlatforms) = preSolution
		Debug|Any CPU = Debug|Any CPU
		Release|Any CPU = Release|Any CPU
	EndGlobalSection
	GlobalSection(ProjectConfigurationPlatforms) = postSolution
		{2A122833-0ADE-4587-BD08-47495C172C83}.Debug|Any CPU.ActiveCfg = Debug|Any CPU
		{2A122833-0ADE-4587-BD08-47495C172C83}.Debug|Any CPU.Build.0 = Debug|Any CPU
		{2A122833-0ADE-4587-BD08-47495C172C83}.Release|Any CPU.ActiveCfg = Release|Any CPU
		{2A122833-0ADE-4587-BD08-47495C172C83}.Release|Any CPU.Build.0 = Release|Any CPU
	EndGlobalSection
	GlobalSection(SolutionProperties) = preSolution
		HideSolutionNode = FALSE
	EndGlobalSection
	GlobalSection(ExtensibilityGlobals) = postSolution
		SolutionGuid = {B5C58A32-9F0E-4C4A-98C3-3E492984F7E1}
	EndGlobalSection
EndGlobal

